{
  "name": "boot-bet365",
  "version": "1.0.0",
  "lockfileVersion": 3,
  "requires": true,
  "packages": {
    "": {
      "name": "boot-bet365",
      "version": "1.0.0",
      "license": "ISC",
      "dependencies": {
        "lowdb": "^6.0.1",
        "playwright-firefox": "^1.35.1"
      }
    },
    "node_modules/lowdb": {
      "version": "6.0.1",
      "license": "MIT",
      "dependencies": {
        "steno": "^3.0.0"
      },
      "engines": {
        "node": ">=16"
      },
      "funding": {
        "url": "https://github.com/sponsors/typicode"
      }
    },
    "node_modules/playwright-core": {
      "version": "1.35.1",
      "license": "Apache-2.0",
      "bin": {
        "playwright-core": "cli.js"
      },
      "engines": {
        "node": ">=16"
      }
    },
    "node_modules/playwright-firefox": {
      "version": "1.35.1",
      "hasInstallScript": true,
      "license": "Apache-2.0",
      "dependencies": {
        "playwright-core": "1.35.1"
      },
      "bin": {
        "playwright": "cli.js"
      },
      "engines": {
        "node": ">=16"
      }
    },
    "node_modules/steno": {
      "version": "3.0.0",
      "license": "MIT",
      "engines": {
        "node": ">=14.16"
      },
      "funding": {
        "url": "https://github.com/sponsors/typicode"
      }
    }
  }
}
